
Microsoft Visual Studio Solution File, Format Version 12.00
# Visual Studio Version 17
VisualStudioVersion = 17.7.34024.191
MinimumVisualStudioVersion = 10.0.40219.1
Project("{FAE04EC0-301F-11D3-BF4B-00C04F79EFBC}") = "adonet-db-videogame", "adonet-db-videogame\adonet-db-videogame.csproj", "{B2DB285F-60E6-4D2C-B51F-A8BF9BE898C3}"
EndProject
Global
	GlobalSection(SolutionConfigurationPlatforms) = preSolution
		Debug|Any CPU = Debug|Any CPU
		Release|Any CPU = Release|Any CPU
	EndGlobalSection
	GlobalSection(ProjectConfigurationPlatforms) = postSolution
		{B2DB285F-60E6-4D2C-B51F-A8BF9BE898C3}.Debug|Any CPU.ActiveCfg = Debug|Any CPU
		{B2DB285F-60E6-4D2C-B51F-A8BF9BE898C3}.Debug|Any CPU.Build.0 = Debug|Any CPU
		{B2DB285F-60E6-4D2C-B51F-A8BF9BE898C3}.Release|Any CPU.ActiveCfg = Release|Any CPU
		{B2DB285F-60E6-4D2C-B51F-A8BF9BE898C3}.Release|Any CPU.Build.0 = Release|Any CPU
	EndGlobalSection
	GlobalSection(SolutionProperties) = preSolution
		HideSolutionNode = FALSE
	EndGlobalSection
	GlobalSection(ExtensibilityGlobals) = postSolution
		SolutionGuid = {EDAADBBC-CB0F-44FE-B78A-589ECC76CBD0}
	EndGlobalSection
EndGlobal
